
Microsoft Visual Studio Solution File, Format Version 12.00
# Visual Studio Version 17
VisualStudioVersion = 17.12.35527.113
MinimumVisualStudioVersion = 10.0.40219.1
Project("{F184B08F-C81C-45F6-A57F-5ABD9991F28F}") = "Quanlithuvien", "quanlithuvien\Quanlithuvien.vbproj", "{F3E021D5-B154-442F-817B-0EC3018F0DE0}"
EndProject
Project("{F184B08F-C81C-45F6-A57F-5ABD9991F28F}") = "qltv", "qltv\qltv.vbproj", "{36180475-5F99-4572-854B-BEF7405B4C64}"
EndProject
Project("{F184B08F-C81C-45F6-A57F-5ABD9991F28F}") = "dăng nhap", "dăng nhap\dăng nhap.vbproj", "{20EAE559-2FF0-442C-BDCA-2BDC41D2D610}"
EndProject
Global
	GlobalSection(SolutionConfigurationPlatforms) = preSolution
		Debug|Any CPU = Debug|Any CPU
		Release|Any CPU = Release|Any CPU
	EndGlobalSection
	GlobalSection(ProjectConfigurationPlatforms) = postSolution
		{F3E021D5-B154-442F-817B-0EC3018F0DE0}.Debug|Any CPU.ActiveCfg = Debug|Any CPU
		{F3E021D5-B154-442F-817B-0EC3018F0DE0}.Debug|Any CPU.Build.0 = Debug|Any CPU
		{F3E021D5-B154-442F-817B-0EC3018F0DE0}.Release|Any CPU.ActiveCfg = Release|Any CPU
		{F3E021D5-B154-442F-817B-0EC3018F0DE0}.Release|Any CPU.Build.0 = Release|Any CPU
		{36180475-5F99-4572-854B-BEF7405B4C64}.Debug|Any CPU.ActiveCfg = Debug|Any CPU
		{36180475-5F99-4572-854B-BEF7405B4C64}.Debug|Any CPU.Build.0 = Debug|Any CPU
		{36180475-5F99-4572-854B-BEF7405B4C64}.Release|Any CPU.ActiveCfg = Release|Any CPU
		{36180475-5F99-4572-854B-BEF7405B4C64}.Release|Any CPU.Build.0 = Release|Any CPU
		{20EAE559-2FF0-442C-BDCA-2BDC41D2D610}.Debug|Any CPU.ActiveCfg = Debug|Any CPU
		{20EAE559-2FF0-442C-BDCA-2BDC41D2D610}.Debug|Any CPU.Build.0 = Debug|Any CPU
		{20EAE559-2FF0-442C-BDCA-2BDC41D2D610}.Release|Any CPU.ActiveCfg = Release|Any CPU
		{20EAE559-2FF0-442C-BDCA-2BDC41D2D610}.Release|Any CPU.Build.0 = Release|Any CPU
	EndGlobalSection
	GlobalSection(SolutionProperties) = preSolution
		HideSolutionNode = FALSE
	EndGlobalSection
EndGlobal
